
Microsoft Visual Studio Solution File, Format Version 12.00
# Visual Studio Version 17
VisualStudioVersion = 17.9.34723.18
MinimumVisualStudioVersion = 10.0.40219.1
Project("{FAE04EC0-301F-11D3-BF4B-00C04F79EFBC}") = "AsterixJogos.API", "AsterixJogos.API.csproj", "{573365A6-AF42-4A83-899B-BB9A4C8B4B48}"
EndProject
Global
	GlobalSection(SolutionConfigurationPlatforms) = preSolution
		Debug|Any CPU = Debug|Any CPU
		Release|Any CPU = Release|Any CPU
	EndGlobalSection
	GlobalSection(ProjectConfigurationPlatforms) = postSolution
		{573365A6-AF42-4A83-899B-BB9A4C8B4B48}.Debug|Any CPU.ActiveCfg = Debug|Any CPU
		{573365A6-AF42-4A83-899B-BB9A4C8B4B48}.Debug|Any CPU.Build.0 = Debug|Any CPU
		{573365A6-AF42-4A83-899B-BB9A4C8B4B48}.Release|Any CPU.ActiveCfg = Release|Any CPU
		{573365A6-AF42-4A83-899B-BB9A4C8B4B48}.Release|Any CPU.Build.0 = Release|Any CPU
	EndGlobalSection
	GlobalSection(SolutionProperties) = preSolution
		HideSolutionNode = FALSE
	EndGlobalSection
	GlobalSection(ExtensibilityGlobals) = postSolution
		SolutionGuid = {28E1A037-F59E-4BD6-A6A7-2934B8E652FB}
	EndGlobalSection
EndGlobal
